// !$*UTF8*$!
{
	archiveVersion = 1;
	classes = {
	};
	objectVersion = 56;
	objects = {

/* Begin PBXBuildFile section */
		FB47C2AC2CF10C8D006AB378 /* Movimientos.swift in Sources */ = {isa = PBXBuildFile; fileRef = FB47C2AB2CF10C8D006AB378 /* Movimientos.swift */; };
		FB8B19A32CF0E90800581A1E /* DatosPokemonViewController.swift in Sources */ = {isa = PBXBuildFile; fileRef = FB8B19A22CF0E90800581A1E /* DatosPokemonViewController.swift */; };
		FB8F5A9F2CDE70440019475A /* AppDelegate.swift in Sources */ = {isa = PBXBuildFile; fileRef = FB8F5A9E2CDE70440019475A /* AppDelegate.swift */; };
		FB8F5AA12CDE70440019475A /* SceneDelegate.swift in Sources */ = {isa = PBXBuildFile; fileRef = FB8F5AA02CDE70440019475A /* SceneDelegate.swift */; };
		FB8F5AA32CDE70440019475A /* ListaPokemonViewController.swift in Sources */ = {isa = PBXBuildFile; fileRef = FB8F5AA22CDE70440019475A /* ListaPokemonViewController.swift */; };
		FB8F5AA62CDE70440019475A /* Base in Resources */ = {isa = PBXBuildFile; fileRef = FB8F5AA52CDE70440019475A /* Base */; };
		FB8F5AA82CDE70450019475A /* Assets.xcassets in Resources */ = {isa = PBXBuildFile; fileRef = FB8F5AA72CDE70450019475A /* Assets.xcassets */; };
		FB8F5AAB2CDE70450019475A /* Base in Resources */ = {isa = PBXBuildFile; fileRef = FB8F5AAA2CDE70450019475A /* Base */; };
		FB8F5AB62CDE70450019475A /* proyecto_final_iosTests.swift in Sources */ = {isa = PBXBuildFile; fileRef = FB8F5AB52CDE70450019475A /* proyecto_final_iosTests.swift */; };
		FB8F5AC02CDE70450019475A /* proyecto_final_iosUITests.swift in Sources */ = {isa = PBXBuildFile; fileRef = FB8F5ABF2CDE70450019475A /* proyecto_final_iosUITests.swift */; };
		FB8F5AC22CDE70450019475A /* proyecto_final_iosUITestsLaunchTests.swift in Sources */ = {isa = PBXBuildFile; fileRef = FB8F5AC12CDE70450019475A /* proyecto_final_iosUITestsLaunchTests.swift */; };
		FBCE2D482CEE440D0048CAFB /* Datos.swift in Sources */ = {isa = PBXBuildFile; fileRef = FBCE2D472CEE440D0048CAFB /* Datos.swift */; };
		FBCE2D4D2CEE4FCE0048CAFB /* CeldaPokemonTableViewCell.xib in Resources */ = {isa = PBXBuildFile; fileRef = FBCE2D4C2CEE4FCE0048CAFB /* CeldaPokemonTableViewCell.xib */; };
		FBCE2D4E2CEE4FCE0048CAFB /* CeldaPokemonTableViewCell.swift in Sources */ = {isa = PBXBuildFile; fileRef = FBCE2D4B2CEE4FCE0048CAFB /* CeldaPokemonTableViewCell.swift */; };
		FBFA59662CE275E000F1B726 /* ManagerPokemones.swift in Sources */ = {isa = PBXBuildFile; fileRef = FBFA59652CE275E000F1B726 /* ManagerPokemones.swift */; };
/* End PBXBuildFile section */

/* Begin PBXContainerItemProxy section */
		FB8F5AB22CDE70450019475A /* PBXContainerItemProxy */ = {
			isa = PBXContainerItemProxy;
			containerPortal = FB8F5A932CDE70440019475A /* Project object */;
			proxyType = 1;
			remoteGlobalIDString = FB8F5A9A2CDE70440019475A;
			remoteInfo = proyecto_final_ios;
		};
		FB8F5ABC2CDE70450019475A /* PBXContainerItemProxy */ = {
			isa = PBXContainerItemProxy;
			containerPortal = FB8F5A932CDE70440019475A /* Project object */;
			proxyType = 1;
			remoteGlobalIDString = FB8F5A9A2CDE70440019475A;
			remoteInfo = proyecto_final_ios;
		};
/* End PBXContainerItemProxy section */

/* Begin PBXFileReference section */
		FB47C2AB2CF10C8D006AB378 /* Movimientos.swift */ = {isa = PBXFileReference; lastKnownFileType = sourcecode.swift; path = Movimientos.swift; sourceTree = "<group>"; };
		FB8B19A22CF0E90800581A1E /* DatosPokemonViewController.swift */ = {isa = PBXFileReference; lastKnownFileType = sourcecode.swift; path = DatosPokemonViewController.swift; sourceTree = "<group>"; };
		FB8F5A9B2CDE70440019475A /* proyecto_final_ios.app */ = {isa = PBXFileReference; explicitFileType = wrapper.application; includeInIndex = 0; path = proyecto_final_ios.app; sourceTree = BUILT_PRODUCTS_DIR; };
		FB8F5A9E2CDE70440019475A /* AppDelegate.swift */ = {isa = PBXFileReference; lastKnownFileType = sourcecode.swift; path = AppDelegate.swift; sourceTree = "<group>"; };
		FB8F5AA02CDE70440019475A /* SceneDelegate.swift */ = {isa = PBXFileReference; lastKnownFileType = sourcecode.swift; path = SceneDelegate.swift; sourceTree = "<group>"; };
		FB8F5AA22CDE70440019475A /* ListaPokemonViewController.swift */ = {isa = PBXFileReference; lastKnownFileType = sourcecode.swift; path = ListaPokemonViewController.swift; sourceTree = "<group>"; };
		FB8F5AA52CDE70440019475A /* Base */ = {isa = PBXFileReference; lastKnownFileType = file.storyboard; name = Base; path = Base.lproj/Main.storyboard; sourceTree = "<group>"; };
		FB8F5AA72CDE70450019475A /* Assets.xcassets */ = {isa = PBXFileReference; lastKnownFileType = folder.assetcatalog; path = Assets.xcassets; sourceTree = "<group>"; };
		FB8F5AAA2CDE70450019475A /* Base */ = {isa = PBXFileReference; lastKnownFileType = file.storyboard; name = Base; path = Base.lproj/LaunchScreen.storyboard; sourceTree = "<group>"; };
		FB8F5AAC2CDE70450019475A /* Info.plist */ = {isa = PBXFileReference; lastKnownFileType = text.plist.xml; path = Info.plist; sourceTree = "<group>"; };
		FB8F5AB12CDE70450019475A /* proyecto_final_iosTests.xctest */ = {isa = PBXFileReference; explicitFileType = wrapper.cfbundle; includeInIndex = 0; path = proyecto_final_iosTests.xctest; sourceTree = BUILT_PRODUCTS_DIR; };
		FB8F5AB52CDE70450019475A /* proyecto_final_iosTests.swift */ = {isa = PBXFileReference; lastKnownFileType = sourcecode.swift; path = proyecto_final_iosTests.swift; sourceTree = "<group>"; };
		FB8F5ABB2CDE70450019475A /* proyecto_final_iosUITests.xctest */ = {isa = PBXFileReference; explicitFileType = wrapper.cfbundle; includeInIndex = 0; path = proyecto_final_iosUITests.xctest; sourceTree = BUILT_PRODUCTS_DIR; };
		FB8F5ABF2CDE70450019475A /* proyecto_final_iosUITests.swift */ = {isa = PBXFileReference; lastKnownFileType = sourcecode.swift; path = proyecto_final_iosUITests.swift; sourceTree = "<group>"; };
		FB8F5AC12CDE70450019475A /* proyecto_final_iosUITestsLaunchTests.swift */ = {isa = PBXFileReference; lastKnownFileType = sourcecode.swift; path = proyecto_final_iosUITestsLaunchTests.swift; sourceTree = "<group>"; };
		FBCE2D472CEE440D0048CAFB /* Datos.swift */ = {isa = PBXFileReference; lastKnownFileType = sourcecode.swift; path = Datos.swift; sourceTree = "<group>"; };
		FBCE2D4B2CEE4FCE0048CAFB /* CeldaPokemonTableViewCell.swift */ = {isa = PBXFileReference; lastKnownFileType = sourcecode.swift; path = CeldaPokemonTableViewCell.swift; sourceTree = "<group>"; };
		FBCE2D4C2CEE4FCE0048CAFB /* CeldaPokemonTableViewCell.xib */ = {isa = PBXFileReference; lastKnownFileType = file.xib; path = CeldaPokemonTableViewCell.xib; sourceTree = "<group>"; };
		FBFA59652CE275E000F1B726 /* ManagerPokemones.swift */ = {isa = PBXFileReference; lastKnownFileType = sourcecode.swift; path = ManagerPokemones.swift; sourceTree = "<group>"; };
/* End PBXFileReference section */

/* Begin PBXFrameworksBuildPhase section */
		FB8F5A982CDE70440019475A /* Frameworks */ = {
			isa = PBXFrameworksBuildPhase;
			buildActionMask = 2147483647;
			files = (
			);
			runOnlyForDeploymentPostprocessing = 0;
		};
		FB8F5AAE2CDE70450019475A /* Frameworks */ = {
			isa = PBXFrameworksBuildPhase;
			buildActionMask = 2147483647;
			files = (
			);
			runOnlyForDeploymentPostprocessing = 0;
		};
		FB8F5AB82CDE70450019475A /* Frameworks */ = {
			isa = PBXFrameworksBuildPhase;
			buildActionMask = 2147483647;
			files = (
			);
			runOnlyForDeploymentPostprocessing = 0;
		};
/* End PBXFrameworksBuildPhase section */

/* Begin PBXGroup section */
		FB8F5A922CDE70440019475A = {
			isa = PBXGroup;
			children = (
				FB8F5A9D2CDE70440019475A /* proyecto_final_ios */,
				FB8F5AB42CDE70450019475A /* proyecto_final_iosTests */,
				FB8F5ABE2CDE70450019475A /* proyecto_final_iosUITests */,
				FB8F5A9C2CDE70440019475A /* Products */,
			);
			sourceTree = "<group>";
		};
		FB8F5A9C2CDE70440019475A /* Products */ = {
			isa = PBXGroup;
			children = (
				FB8F5A9B2CDE70440019475A /* proyecto_final_ios.app */,
				FB8F5AB12CDE70450019475A /* proyecto_final_iosTests.xctest */,
				FB8F5ABB2CDE70450019475A /* proyecto_final_iosUITests.xctest */,
			);
			name = Products;
			sourceTree = "<group>";
		};
		FB8F5A9D2CDE70440019475A /* proyecto_final_ios */ = {
			isa = PBXGroup;
			children = (
				FB9132F82CF4F4B0001CCEAB /* Manager */,
				FB9132F72CF4F48F001CCEAB /* Views */,
				FBFA59672CE2764A00F1B726 /* Modelos */,
				FB8F5A9E2CDE70440019475A /* AppDelegate.swift */,
				FB8F5AA02CDE70440019475A /* SceneDelegate.swift */,
				FB8F5AA42CDE70440019475A /* Main.storyboard */,
				FB8F5AA72CDE70450019475A /* Assets.xcassets */,
				FB8F5AA92CDE70450019475A /* LaunchScreen.storyboard */,
				FB8F5AAC2CDE70450019475A /* Info.plist */,
				FBCE2D4C2CEE4FCE0048CAFB /* CeldaPokemonTableViewCell.xib */,
			);
			path = proyecto_final_ios;
			sourceTree = "<group>";
		};
		FB8F5AB42CDE70450019475A /* proyecto_final_iosTests */ = {
			isa = PBXGroup;
			children = (
				FB8F5AB52CDE70450019475A /* proyecto_final_iosTests.swift */,
			);
			path = proyecto_final_iosTests;
			sourceTree = "<group>";
		};
		FB8F5ABE2CDE70450019475A /* proyecto_final_iosUITests */ = {
			isa = PBXGroup;
			children = (
				FB8F5ABF2CDE70450019475A /* proyecto_final_iosUITests.swift */,
				FB8F5AC12CDE70450019475A /* proyecto_final_iosUITestsLaunchTests.swift */,
			);
			path = proyecto_final_iosUITests;
			sourceTree = "<group>";
		};
		FB9132F72CF4F48F001CCEAB /* Views */ = {
			isa = PBXGroup;
			children = (
				FBCE2D4B2CEE4FCE0048CAFB /* CeldaPokemonTableViewCell.swift */,
				FB8F5AA22CDE70440019475A /* ListaPokemonViewController.swift */,
				FB8B19A22CF0E90800581A1E /* DatosPokemonViewController.swift */,
			);
			path = Views;
			sourceTree = "<group>";
		};
		FB9132F82CF4F4B0001CCEAB /* Manager */ = {
			isa = PBXGroup;
			children = (
				FBFA59652CE275E000F1B726 /* ManagerPokemones.swift */,
			);
			path = Manager;
			sourceTree = "<group>";
		};
		FBFA59672CE2764A00F1B726 /* Modelos */ = {
			isa = PBXGroup;
			children = (
				FBCE2D472CEE440D0048CAFB /* Datos.swift */,
				FB47C2AB2CF10C8D006AB378 /* Movimientos.swift */,
			);
			path = Modelos;
			sourceTree = "<group>";
		};
/* End PBXGroup section */

/* Begin PBXNativeTarget section */
		FB8F5A9A2CDE70440019475A /* proyecto_final_ios */ = {
			isa = PBXNativeTarget;
			buildConfigurationList = FB8F5AC52CDE70450019475A /* Build configuration list for PBXNativeTarget "proyecto_final_ios" */;
			buildPhases = (
				FB8F5A972CDE70440019475A /* Sources */,
				FB8F5A982CDE70440019475A /* Frameworks */,
				FB8F5A992CDE70440019475A /* Resources */,
			);
			buildRules = (
			);
			dependencies = (
			);
			name = proyecto_final_ios;
			productName = proyecto_final_ios;
			productReference = FB8F5A9B2CDE70440019475A /* proyecto_final_ios.app */;
			productType = "com.apple.product-type.application";
		};
		FB8F5AB02CDE70450019475A /* proyecto_final_iosTests */ = {
			isa = PBXNativeTarget;
			buildConfigurationList = FB8F5AC82CDE70450019475A /* Build configuration list for PBXNativeTarget "proyecto_final_iosTests" */;
			buildPhases = (
				FB8F5AAD2CDE70450019475A /* Sources */,
				FB8F5AAE2CDE70450019475A /* Frameworks */,
				FB8F5AAF2CDE70450019475A /* Resources */,
			);
			buildRules = (
			);
			dependencies = (
				FB8F5AB32CDE70450019475A /* PBXTargetDependency */,
			);
			name = proyecto_final_iosTests;
			productName = proyecto_final_iosTests;
			productReference = FB8F5AB12CDE70450019475A /* proyecto_final_iosTests.xctest */;
			productType = "com.apple.product-type.bundle.unit-test";
		};
		FB8F5ABA2CDE70450019475A /* proyecto_final_iosUITests */ = {
			isa = PBXNativeTarget;
			buildConfigurationList = FB8F5ACB2CDE70450019475A /* Build configuration list for PBXNativeTarget "proyecto_final_iosUITests" */;
			buildPhases = (
				FB8F5AB72CDE70450019475A /* Sources */,
				FB8F5AB82CDE70450019475A /* Frameworks */,
				FB8F5AB92CDE70450019475A /* Resources */,
			);
			buildRules = (
			);
			dependencies = (
				FB8F5ABD2CDE70450019475A /* PBXTargetDependency */,
			);
			name = proyecto_final_iosUITests;
			productName = proyecto_final_iosUITests;
			productReference = FB8F5ABB2CDE70450019475A /* proyecto_final_iosUITests.xctest */;
			productType = "com.apple.product-type.bundle.ui-testing";
		};
/* End PBXNativeTarget section */

/* Begin PBXProject section */
		FB8F5A932CDE70440019475A /* Project object */ = {
			isa = PBXProject;
			attributes = {
				BuildIndependentTargetsInParallel = 1;
				LastSwiftUpdateCheck = 1540;
				LastUpgradeCheck = 1540;
				TargetAttributes = {
					FB8F5A9A2CDE70440019475A = {
						CreatedOnToolsVersion = 15.4;
					};
					FB8F5AB02CDE70450019475A = {
						CreatedOnToolsVersion = 15.4;
						TestTargetID = FB8F5A9A2CDE70440019475A;
					};
					FB8F5ABA2CDE70450019475A = {
						CreatedOnToolsVersion = 15.4;
						TestTargetID = FB8F5A9A2CDE70440019475A;
					};
				};
			};
			buildConfigurationList = FB8F5A962CDE70440019475A /* Build configuration list for PBXProject "proyecto_final_ios" */;
			compatibilityVersion = "Xcode 14.0";
			developmentRegion = en;
			hasScannedForEncodings = 0;
			knownRegions = (
				en,
				Base,
			);
			mainGroup = FB8F5A922CDE70440019475A;
			productRefGroup = FB8F5A9C2CDE70440019475A /* Products */;
			projectDirPath = "";
			projectRoot = "";
			targets = (
				FB8F5A9A2CDE70440019475A /* proyecto_final_ios */,
				FB8F5AB02CDE70450019475A /* proyecto_final_iosTests */,
				FB8F5ABA2CDE70450019475A /* proyecto_final_iosUITests */,
			);
		};
/* End PBXProject section */

/* Begin PBXResourcesBuildPhase section */
		FB8F5A992CDE70440019475A /* Resources */ = {
			isa = PBXResourcesBuildPhase;
			buildActionMask = 2147483647;
			files = (
				FB8F5AA82CDE70450019475A /* Assets.xcassets in Resources */,
				FB8F5AAB2CDE70450019475A /* Base in Resources */,
				FB8F5AA62CDE70440019475A /* Base in Resources */,
				FBCE2D4D2CEE4FCE0048CAFB /* CeldaPokemonTableViewCell.xib in Resources */,
			);
			runOnlyForDeploymentPostprocessing = 0;
		};
		FB8F5AAF2CDE70450019475A /* Resources */ = {
			isa = PBXResourcesBuildPhase;
			buildActionMask = 2147483647;
			files = (
			);
			runOnlyForDeploymentPostprocessing = 0;
		};
		FB8F5AB92CDE70450019475A /* Resources */ = {
			isa = PBXResourcesBuildPhase;
			buildActionMask = 2147483647;
			files = (
			);
			runOnlyForDeploymentPostprocessing = 0;
		};
/* End PBXResourcesBuildPhase section */

/* Begin PBXSourcesBuildPhase section */
		FB8F5A972CDE70440019475A /* Sources */ = {
			isa = PBXSourcesBuildPhase;
			buildActionMask = 2147483647;
			files = (
				FB8F5AA32CDE70440019475A /* ListaPokemonViewController.swift in Sources */,
				FBFA59662CE275E000F1B726 /* ManagerPokemones.swift in Sources */,
				FB47C2AC2CF10C8D006AB378 /* Movimientos.swift in Sources */,
				FBCE2D4E2CEE4FCE0048CAFB /* CeldaPokemonTableViewCell.swift in Sources */,
				FB8B19A32CF0E90800581A1E /* DatosPokemonViewController.swift in Sources */,
				FB8F5A9F2CDE70440019475A /* AppDelegate.swift in Sources */,
				FB8F5AA12CDE70440019475A /* SceneDelegate.swift in Sources */,
				FBCE2D482CEE440D0048CAFB /* Datos.swift in Sources */,
			);
			runOnlyForDeploymentPostprocessing = 0;
		};
		FB8F5AAD2CDE70450019475A /* Sources */ = {
			isa = PBXSourcesBuildPhase;
			buildActionMask = 2147483647;
			files = (
				FB8F5AB62CDE70450019475A /* proyecto_final_iosTests.swift in Sources */,
			);
			runOnlyForDeploymentPostprocessing = 0;
		};
		FB8F5AB72CDE70450019475A /* Sources */ = {
			isa = PBXSourcesBuildPhase;
			buildActionMask = 2147483647;
			files = (
				FB8F5AC22CDE70450019475A /* proyecto_final_iosUITestsLaunchTests.swift in Sources */,
				FB8F5AC02CDE70450019475A /* proyecto_final_iosUITests.swift in Sources */,
			);
			runOnlyForDeploymentPostprocessing = 0;
		};
/* End PBXSourcesBuildPhase section */

/* Begin PBXTargetDependency section */
		FB8F5AB32CDE70450019475A /* PBXTargetDependency */ = {
			isa = PBXTargetDependency;
			target = FB8F5A9A2CDE70440019475A /* proyecto_final_ios */;
			targetProxy = FB8F5AB22CDE70450019475A /* PBXContainerItemProxy */;
		};
		FB8F5ABD2CDE70450019475A /* PBXTargetDependency */ = {
			isa = PBXTargetDependency;
			target = FB8F5A9A2CDE70440019475A /* proyecto_final_ios */;
			targetProxy = FB8F5ABC2CDE70450019475A /* PBXContainerItemProxy */;
		};
/* End PBXTargetDependency section */

/* Begin PBXVariantGroup section */
		FB8F5AA42CDE70440019475A /* Main.storyboard */ = {
			isa = PBXVariantGroup;
			children = (
				FB8F5AA52CDE70440019475A /* Base */,
			);
			name = Main.storyboard;
			sourceTree = "<group>";
		};
		FB8F5AA92CDE70450019475A /* LaunchScreen.storyboard */ = {
			isa = PBXVariantGroup;
			children = (
				FB8F5AAA2CDE70450019475A /* Base */,
			);
			name = LaunchScreen.storyboard;
			sourceTree = "<group>";
		};
/* End PBXVariantGroup section */

/* Begin XCBuildConfiguration section */
		FB8F5AC32CDE70450019475A /* Debug */ = {
			isa = XCBuildConfiguration;
			buildSettings = {
				ALWAYS_SEARCH_USER_PATHS = NO;
				ASSETCATALOG_COMPILER_GENERATE_SWIFT_ASSET_SYMBOL_EXTENSIONS = YES;
				CLANG_ANALYZER_NONNULL = YES;
				CLANG_ANALYZER_NUMBER_OBJECT_CONVERSION = YES_AGGRESSIVE;
				CLANG_CXX_LANGUAGE_STANDARD = "gnu++20";
				CLANG_ENABLE_MODULES = YES;
				CLANG_ENABLE_OBJC_ARC = YES;
				CLANG_ENABLE_OBJC_WEAK = YES;
				CLANG_WARN_BLOCK_CAPTURE_AUTORELEASING = YES;
				CLANG_WARN_BOOL_CONVERSION = YES;
				CLANG_WARN_COMMA = YES;
				CLANG_WARN_CONSTANT_CONVERSION = YES;
				CLANG_WARN_DEPRECATED_OBJC_IMPLEMENTATIONS = YES;
				CLANG_WARN_DIRECT_OBJC_ISA_USAGE = YES_ERROR;
				CLANG_WARN_DOCUMENTATION_COMMENTS = YES;
				CLANG_WARN_EMPTY_BODY = YES;
				CLANG_WARN_ENUM_CONVERSION = YES;
				CLANG_WARN_INFINITE_RECURSION = YES;
				CLANG_WARN_INT_CONVERSION = YES;
				CLANG_WARN_NON_LITERAL_NULL_CONVERSION = YES;
				CLANG_WARN_OBJC_IMPLICIT_RETAIN_SELF = YES;
				CLANG_WARN_OBJC_LITERAL_CONVERSION = YES;
				CLANG_WARN_OBJC_ROOT_CLASS = YES_ERROR;
				CLANG_WARN_QUOTED_INCLUDE_IN_FRAMEWORK_HEADER = YES;
				CLANG_WARN_RANGE_LOOP_ANALYSIS = YES;
				CLANG_WARN_STRICT_PROTOTYPES = YES;
				CLANG_WARN_SUSPICIOUS_MOVE = YES;
				CLANG_WARN_UNGUARDED_AVAILABILITY = YES_AGGRESSIVE;
				CLANG_WARN_UNREACHABLE_CODE = YES;
				CLANG_WARN__DUPLICATE_METHOD_MATCH = YES;
				COPY_PHASE_STRIP = NO;
				DEBUG_INFORMATION_FORMAT = dwarf;
				ENABLE_STRICT_OBJC_MSGSEND = YES;
				ENABLE_TESTABILITY = YES;
				ENABLE_USER_SCRIPT_SANDBOXING = YES;
				GCC_C_LANGUAGE_STANDARD = gnu17;
				GCC_DYNAMIC_NO_PIC = NO;
				GCC_NO_COMMON_BLOCKS = YES;
				GCC_OPTIMIZATION_LEVEL = 0;
				GCC_PREPROCESSOR_DEFINITIONS = (
					"DEBUG=1",
					"$(inherited)",
				);
				GCC_WARN_64_TO_32_BIT_CONVERSION = YES;
				GCC_WARN_ABOUT_RETURN_TYPE = YES_ERROR;
				GCC_WARN_UNDECLARED_SELECTOR = YES;
				GCC_WARN_UNINITIALIZED_AUTOS = YES_AGGRESSIVE;
				GCC_WARN_UNUSED_FUNCTION = YES;
				GCC_WARN_UNUSED_VARIABLE = YES;
				IPHONEOS_DEPLOYMENT_TARGET = 17.5;
				LOCALIZATION_PREFERS_STRING_CATALOGS = YES;
				MTL_ENABLE_DEBUG_INFO = INCLUDE_SOURCE;
				MTL_FAST_MATH = YES;
				ONLY_ACTIVE_ARCH = YES;
				SDKROOT = iphoneos;
				SWIFT_ACTIVE_COMPILATION_CONDITIONS = "DEBUG $(inherited)";
				SWIFT_OPTIMIZATION_LEVEL = "-Onone";
			};
			name = Debug;
		};
		FB8F5AC42CDE70450019475A /* Release */ = {
			isa = XCBuildConfiguration;
			buildSettings = {
				ALWAYS_SEARCH_USER_PATHS = NO;
				ASSETCATALOG_COMPILER_GENERATE_SWIFT_ASSET_SYMBOL_EXTENSIONS = YES;
				CLANG_ANALYZER_NONNULL = YES;
				CLANG_ANALYZER_NUMBER_OBJECT_CONVERSION = YES_AGGRESSIVE;
				CLANG_CXX_LANGUAGE_STANDARD = "gnu++20";
				CLANG_ENABLE_MODULES = YES;
				CLANG_ENABLE_OBJC_ARC = YES;
				CLANG_ENABLE_OBJC_WEAK = YES;
				CLANG_WARN_BLOCK_CAPTURE_AUTORELEASING = YES;
				CLANG_WARN_BOOL_CONVERSION = YES;
				CLANG_WARN_COMMA = YES;
				CLANG_WARN_CONSTANT_CONVERSION = YES;
				CLANG_WARN_DEPRECATED_OBJC_IMPLEMENTATIONS = YES;
				CLANG_WARN_DIRECT_OBJC_ISA_USAGE = YES_ERROR;
				CLANG_WARN_DOCUMENTATION_COMMENTS = YES;
				CLANG_WARN_EMPTY_BODY = YES;
				CLANG_WARN_ENUM_CONVERSION = YES;
				CLANG_WARN_INFINITE_RECURSION = YES;
				CLANG_WARN_INT_CONVERSION = YES;
				CLANG_WARN_NON_LITERAL_NULL_CONVERSION = YES;
				CLANG_WARN_OBJC_IMPLICIT_RETAIN_SELF = YES;
				CLANG_WARN_OBJC_LITERAL_CONVERSION = YES;
				CLANG_WARN_OBJC_ROOT_CLASS = YES_ERROR;
				CLANG_WARN_QUOTED_INCLUDE_IN_FRAMEWORK_HEADER = YES;
				CLANG_WARN_RANGE_LOOP_ANALYSIS = YES;
				CLANG_WARN_STRICT_PROTOTYPES = YES;
				CLANG_WARN_SUSPICIOUS_MOVE = YES;
				CLANG_WARN_UNGUARDED_AVAILABILITY = YES_AGGRESSIVE;
				CLANG_WARN_UNREACHABLE_CODE = YES;
				CLANG_WARN__DUPLICATE_METHOD_MATCH = YES;
				COPY_PHASE_STRIP = NO;
				DEBUG_INFORMATION_FORMAT = "dwarf-with-dsym";
				ENABLE_NS_ASSERTIONS = NO;
				ENABLE_STRICT_OBJC_MSGSEND = YES;
				ENABLE_USER_SCRIPT_SANDBOXING = YES;
				GCC_C_LANGUAGE_STANDARD = gnu17;
				GCC_NO_COMMON_BLOCKS = YES;
				GCC_WARN_64_TO_32_BIT_CONVERSION = YES;
				GCC_WARN_ABOUT_RETURN_TYPE = YES_ERROR;
				GCC_WARN_UNDECLARED_SELECTOR = YES;
				GCC_WARN_UNINITIALIZED_AUTOS = YES_AGGRESSIVE;
				GCC_WARN_UNUSED_FUNCTION = YES;
				GCC_WARN_UNUSED_VARIABLE = YES;
				IPHONEOS_DEPLOYMENT_TARGET = 17.5;
				LOCALIZATION_PREFERS_STRING_CATALOGS = YES;
				MTL_ENABLE_DEBUG_INFO = NO;
				MTL_FAST_MATH = YES;
				SDKROOT = iphoneos;
				SWIFT_COMPILATION_MODE = wholemodule;
				VALIDATE_PRODUCT = YES;
			};
			name = Release;
		};
		FB8F5AC62CDE70450019475A /* Debug */ = {
			isa = XCBuildConfiguration;
			buildSettings = {
				ASSETCATALOG_COMPILER_APPICON_NAME = AppIcon;
				ASSETCATALOG_COMPILER_GLOBAL_ACCENT_COLOR_NAME = AccentColor;
				CODE_SIGN_STYLE = Automatic;
				CURRENT_PROJECT_VERSION = 1;
				GENERATE_INFOPLIST_FILE = YES;
				INFOPLIST_FILE = proyecto_final_ios/Info.plist;
				INFOPLIST_KEY_UIApplicationSupportsIndirectInputEvents = YES;
				INFOPLIST_KEY_UILaunchStoryboardName = LaunchScreen;
				INFOPLIST_KEY_UIMainStoryboardFile = Main;
				INFOPLIST_KEY_UISupportedInterfaceOrientations_iPad = "UIInterfaceOrientationPortrait UIInterfaceOrientationPortraitUpsideDown UIInterfaceOrientationLandscapeLeft UIInterfaceOrientationLandscapeRight";
				INFOPLIST_KEY_UISupportedInterfaceOrientations_iPhone = "UIInterfaceOrientationPortrait UIInterfaceOrientationLandscapeLeft UIInterfaceOrientationLandscapeRight";
				LD_RUNPATH_SEARCH_PATHS = (
					"$(inherited)",
					"@executable_path/Frameworks",
				);
				MARKETING_VERSION = 1.0;
				PRODUCT_BUNDLE_IDENTIFIER = "mx.uacj.visionos.proyecto-final-ios";
				PRODUCT_NAME = "$(TARGET_NAME)";
				SWIFT_EMIT_LOC_STRINGS = YES;
				SWIFT_VERSION = 5.0;
				TARGETED_DEVICE_FAMILY = "1,2";
			};
			name = Debug;
		};
		FB8F5AC72CDE70450019475A /* Release */ = {
			isa = XCBuildConfiguration;
			buildSettings = {
				ASSETCATALOG_COMPILER_APPICON_NAME = AppIcon;
				ASSETCATALOG_COMPILER_GLOBAL_ACCENT_COLOR_NAME = AccentColor;
				CODE_SIGN_STYLE = Automatic;
				CURRENT_PROJECT_VERSION = 1;
				GENERATE_INFOPLIST_FILE = YES;
				INFOPLIST_FILE = proyecto_final_ios/Info.plist;
				INFOPLIST_KEY_UIApplicationSupportsIndirectInputEvents = YES;
				INFOPLIST_KEY_UILaunchStoryboardName = LaunchScreen;
				INFOPLIST_KEY_UIMainStoryboardFile = Main;
				INFOPLIST_KEY_UISupportedInterfaceOrientations_iPad = "UIInterfaceOrientationPortrait UIInterfaceOrientationPortraitUpsideDown UIInterfaceOrientationLandscapeLeft UIInterfaceOrientationLandscapeRight";
				INFOPLIST_KEY_UISupportedInterfaceOrientations_iPhone = "UIInterfaceOrientationPortrait UIInterfaceOrientationLandscapeLeft UIInterfaceOrientationLandscapeRight";
				LD_RUNPATH_SEARCH_PATHS = (
					"$(inherited)",
					"@executable_path/Frameworks",
				);
				MARKETING_VERSION = 1.0;
				PRODUCT_BUNDLE_IDENTIFIER = "mx.uacj.visionos.proyecto-final-ios";
				PRODUCT_NAME = "$(TARGET_NAME)";
				SWIFT_EMIT_LOC_STRINGS = YES;
				SWIFT_VERSION = 5.0;
				TARGETED_DEVICE_FAMILY = "1,2";
			};
			name = Release;
		};
		FB8F5AC92CDE70450019475A /* Debug */ = {
			isa = XCBuildConfiguration;
			buildSettings = {
				ALWAYS_EMBED_SWIFT_STANDARD_LIBRARIES = YES;
				BUNDLE_LOADER = "$(TEST_HOST)";
				CODE_SIGN_STYLE = Automatic;
				CURRENT_PROJECT_VERSION = 1;
				GENERATE_INFOPLIST_FILE = YES;
				IPHONEOS_DEPLOYMENT_TARGET = 17.5;
				MARKETING_VERSION = 1.0;
				PRODUCT_BUNDLE_IDENTIFIER = "mx.uacj.visionos.proyecto-final-iosTests";
				PRODUCT_NAME = "$(TARGET_NAME)";
				SWIFT_EMIT_LOC_STRINGS = NO;
				SWIFT_VERSION = 5.0;
				TARGETED_DEVICE_FAMILY = "1,2";
				TEST_HOST = "$(BUILT_PRODUCTS_DIR)/proyecto_final_ios.app/$(BUNDLE_EXECUTABLE_FOLDER_PATH)/proyecto_final_ios";
			};
			name = Debug;
		};
		FB8F5ACA2CDE70450019475A /* Release */ = {
			isa = XCBuildConfiguration;
			buildSettings = {
				ALWAYS_EMBED_SWIFT_STANDARD_LIBRARIES = YES;
				BUNDLE_LOADER = "$(TEST_HOST)";
				CODE_SIGN_STYLE = Automatic;
				CURRENT_PROJECT_VERSION = 1;
				GENERATE_INFOPLIST_FILE = YES;
				IPHONEOS_DEPLOYMENT_TARGET = 17.5;
				MARKETING_VERSION = 1.0;
				PRODUCT_BUNDLE_IDENTIFIER = "mx.uacj.visionos.proyecto-final-iosTests";
				PRODUCT_NAME = "$(TARGET_NAME)";
				SWIFT_EMIT_LOC_STRINGS = NO;
				SWIFT_VERSION = 5.0;
				TARGETED_DEVICE_FAMILY = "1,2";
				TEST_HOST = "$(BUILT_PRODUCTS_DIR)/proyecto_final_ios.app/$(BUNDLE_EXECUTABLE_FOLDER_PATH)/proyecto_final_ios";
			};
			name = Release;
		};
		FB8F5ACC2CDE70450019475A /* Debug */ = {
			isa = XCBuildConfiguration;
			buildSettings = {
				ALWAYS_EMBED_SWIFT_STANDARD_LIBRARIES = YES;
				CODE_SIGN_STYLE = Automatic;
				CURRENT_PROJECT_VERSION = 1;
				GENERATE_INFOPLIST_FILE = YES;
				MARKETING_VERSION = 1.0;
				PRODUCT_BUNDLE_IDENTIFIER = "mx.uacj.visionos.proyecto-final-iosUITests";
				PRODUCT_NAME = "$(TARGET_NAME)";
				SWIFT_EMIT_LOC_STRINGS = NO;
				SWIFT_VERSION = 5.0;
				TARGETED_DEVICE_FAMILY = "1,2";
				TEST_TARGET_NAME = proyecto_final_ios;
			};
			name = Debug;
		};
		FB8F5ACD2CDE70450019475A /* Release */ = {
			isa = XCBuildConfiguration;
			buildSettings = {
				ALWAYS_EMBED_SWIFT_STANDARD_LIBRARIES = YES;
				CODE_SIGN_STYLE = Automatic;
				CURRENT_PROJECT_VERSION = 1;
				GENERATE_INFOPLIST_FILE = YES;
				MARKETING_VERSION = 1.0;
				PRODUCT_BUNDLE_IDENTIFIER = "mx.uacj.visionos.proyecto-final-iosUITests";
				PRODUCT_NAME = "$(TARGET_NAME)";
				SWIFT_EMIT_LOC_STRINGS = NO;
				SWIFT_VERSION = 5.0;
				TARGETED_DEVICE_FAMILY = "1,2";
				TEST_TARGET_NAME = proyecto_final_ios;
			};
			name = Release;
		};
/* End XCBuildConfiguration section */

/* Begin XCConfigurationList section */
		FB8F5A962CDE70440019475A /* Build configuration list for PBXProject "proyecto_final_ios" */ = {
			isa = XCConfigurationList;
			buildConfigurations = (
				FB8F5AC32CDE70450019475A /* Debug */,
				FB8F5AC42CDE70450019475A /* Release */,
			);
			defaultConfigurationIsVisible = 0;
			defaultConfigurationName = Release;
		};
		FB8F5AC52CDE70450019475A /* Build configuration list for PBXNativeTarget "proyecto_final_ios" */ = {
			isa = XCConfigurationList;
			buildConfigurations = (
				FB8F5AC62CDE70450019475A /* Debug */,
				FB8F5AC72CDE70450019475A /* Release */,
			);
			defaultConfigurationIsVisible = 0;
			defaultConfigurationName = Release;
		};
		FB8F5AC82CDE70450019475A /* Build configuration list for PBXNativeTarget "proyecto_final_iosTests" */ = {
			isa = XCConfigurationList;
			buildConfigurations = (
				FB8F5AC92CDE70450019475A /* Debug */,
				FB8F5ACA2CDE70450019475A /* Release */,
			);
			defaultConfigurationIsVisible = 0;
			defaultConfigurationName = Release;
		};
		FB8F5ACB2CDE70450019475A /* Build configuration list for PBXNativeTarget "proyecto_final_iosUITests" */ = {
			isa = XCConfigurationList;
			buildConfigurations = (
				FB8F5ACC2CDE70450019475A /* Debug */,
				FB8F5ACD2CDE70450019475A /* Release */,
			);
			defaultConfigurationIsVisible = 0;
			defaultConfigurationName = Release;
		};
/* End XCConfigurationList section */
	};
	rootObject = FB8F5A932CDE70440019475A /* Project object */;
}
